GEM
  remote: https://rubygems.org/
  specs:
    dry-cli (1.4.1)
    logger (1.7.0)
    mutex_m (0.3.0)
    nio4r (2.7.5)
    puma (7.2.0)
      nio4r (~> 2.0)
    rack (3.2.4)
    rack-proxy (0.7.7)
      rack
    roda (3.100.0)
      rack
    vite_roda (0.1.0)
      roda (>= 3.0)
      vite_ruby (~> 3.0)
    vite_ruby (3.9.2)
      dry-cli (>= 0.7, < 2)
      logger (~> 1.6)
      mutex_m
      rack-proxy (~> 0.6, >= 0.6.1)
      zeitwerk (~> 2.2)
    zeitwerk (2.7.4)

PLATFORMS
  arm64-darwin-25
  ruby

DEPENDENCIES
  puma
  roda
  vite_roda

RUBY VERSION
   ruby 3.4.8p72

BUNDLED WITH
   2.7.2
